// !$*UTF8*$!
{
	archiveVersion = 1;
	classes = {
	};
	objectVersion = 50;
	objects = {

/* Begin PBXBuildFile section */
		0E359033225F6034008395D8 /* AppDelegate.swift in Sources */ = {isa = PBXBuildFile; fileRef = 0E359032225F6034008395D8 /* AppDelegate.swift */; };
		0E359035225F6034008395D8 /* ViewController.swift in Sources */ = {isa = PBXBuildFile; fileRef = 0E359034225F6034008395D8 /* ViewController.swift */; };
		0E359038225F6034008395D8 /* Main.storyboard in Resources */ = {isa = PBXBuildFile; fileRef = 0E359036225F6034008395D8 /* Main.storyboard */; };
		0E35903A225F6036008395D8 /* Assets.xcassets in Resources */ = {isa = PBXBuildFile; fileRef = 0E359039225F6036008395D8 /* Assets.xcassets */; };
		0E35903D225F6036008395D8 /* LaunchScreen.storyboard in Resources */ = {isa = PBXBuildFile; fileRef = 0E35903B225F6036008395D8 /* LaunchScreen.storyboard */; };
		0E359047225F60B7008395D8 /* HealthKit.framework in Frameworks */ = {isa = PBXBuildFile; fileRef = 0E359046225F60B7008395D8 /* HealthKit.framework */; };
		72845D372261D836006B2987 /* Interface.storyboard in Resources */ = {isa = PBXBuildFile; fileRef = 72845D352261D836006B2987 /* Interface.storyboard */; };
		72845D392261D838006B2987 /* Assets.xcassets in Resources */ = {isa = PBXBuildFile; fileRef = 72845D382261D838006B2987 /* Assets.xcassets */; };
		72845D402261D838006B2987 /* PartyOn Extension.appex in Embed App Extensions */ = {isa = PBXBuildFile; fileRef = 72845D3F2261D838006B2987 /* PartyOn Extension.appex */; settings = {ATTRIBUTES = (RemoveHeadersOnCopy, ); }; };
		72845D452261D838006B2987 /* InterfaceController.swift in Sources */ = {isa = PBXBuildFile; fileRef = 72845D442261D838006B2987 /* InterfaceController.swift */; };
		72845D472261D838006B2987 /* ExtensionDelegate.swift in Sources */ = {isa = PBXBuildFile; fileRef = 72845D462261D838006B2987 /* ExtensionDelegate.swift */; };
		72845D492261D838006B2987 /* NotificationController.swift in Sources */ = {isa = PBXBuildFile; fileRef = 72845D482261D838006B2987 /* NotificationController.swift */; };
		72845D4B2261D839006B2987 /* Assets.xcassets in Resources */ = {isa = PBXBuildFile; fileRef = 72845D4A2261D839006B2987 /* Assets.xcassets */; };
		72845D502261D839006B2987 /* PartyOn.app in Embed Watch Content */ = {isa = PBXBuildFile; fileRef = 72845D332261D836006B2987 /* PartyOn.app */; };
		72845D5B2261EBEC006B2987 /* HealthKit.framework in Frameworks */ = {isa = PBXBuildFile; fileRef = 72845D5A2261EBEC006B2987 /* HealthKit.framework */; };
/* End PBXBuildFile section */

/* Begin PBXContainerItemProxy section */
		72845D412261D838006B2987 /* PBXContainerItemProxy */ = {
			isa = PBXContainerItemProxy;
			containerPortal = 0E359027225F6034008395D8 /* Project object */;
			proxyType = 1;
			remoteGlobalIDString = 72845D3E2261D838006B2987;
			remoteInfo = "PartyOn Extension";
		};
		72845D4E2261D839006B2987 /* PBXContainerItemProxy */ = {
			isa = PBXContainerItemProxy;
			containerPortal = 0E359027225F6034008395D8 /* Project object */;
			proxyType = 1;
			remoteGlobalIDString = 72845D322261D836006B2987;
			remoteInfo = PartyOn;
		};
/* End PBXContainerItemProxy section */

/* Begin PBXCopyFilesBuildPhase section */
		72845D562261D839006B2987 /* Embed App Extensions */ = {
			isa = PBXCopyFilesBuildPhase;
			buildActionMask = 2147483647;
			dstPath = "";
			dstSubfolderSpec = 13;
			files = (
				72845D402261D838006B2987 /* PartyOn Extension.appex in Embed App Extensions */,
			);
			name = "Embed App Extensions";
			runOnlyForDeploymentPostprocessing = 0;
		};
		72845D582261D839006B2987 /* Embed Watch Content */ = {
			isa = PBXCopyFilesBuildPhase;
			buildActionMask = 2147483647;
			dstPath = "$(CONTENTS_FOLDER_PATH)/Watch";
			dstSubfolderSpec = 16;
			files = (
				72845D502261D839006B2987 /* PartyOn.app in Embed Watch Content */,
			);
			name = "Embed Watch Content";
			runOnlyForDeploymentPostprocessing = 0;
		};
/* End PBXCopyFilesBuildPhase section */

/* Begin PBXFileReference section */
		0E35902F225F6034008395D8 /* Experimentor.app */ = {isa = PBXFileReference; explicitFileType = wrapper.application; includeInIndex = 0; path = Experimentor.app; sourceTree = BUILT_PRODUCTS_DIR; };
		0E359032225F6034008395D8 /* AppDelegate.swift */ = {isa = PBXFileReference; lastKnownFileType = sourcecode.swift; path = AppDelegate.swift; sourceTree = "<group>"; };
		0E359034225F6034008395D8 /* ViewController.swift */ = {isa = PBXFileReference; lastKnownFileType = sourcecode.swift; path = ViewController.swift; sourceTree = "<group>"; };
		0E359037225F6034008395D8 /* Base */ = {isa = PBXFileReference; lastKnownFileType = file.storyboard; name = Base; path = Base.lproj/Main.storyboard; sourceTree = "<group>"; };
		0E359039225F6036008395D8 /* Assets.xcassets */ = {isa = PBXFileReference; lastKnownFileType = folder.assetcatalog; path = Assets.xcassets; sourceTree = "<group>"; };
		0E35903C225F6036008395D8 /* Base */ = {isa = PBXFileReference; lastKnownFileType = file.storyboard; name = Base; path = Base.lproj/LaunchScreen.storyboard; sourceTree = "<group>"; };
		0E35903E225F6036008395D8 /* Info.plist */ = {isa = PBXFileReference; lastKnownFileType = text.plist.xml; path = Info.plist; sourceTree = "<group>"; };
		0E359044225F60B7008395D8 /* Experimentor.entitlements */ = {isa = PBXFileReference; lastKnownFileType = text.plist.entitlements; path = Experimentor.entitlements; sourceTree = "<group>"; };
		0E359046225F60B7008395D8 /* HealthKit.framework */ = {isa = PBXFileReference; lastKnownFileType = wrapper.framework; name = HealthKit.framework; path = System/Library/Frameworks/HealthKit.framework; sourceTree = SDKROOT; };
		72845D332261D836006B2987 /* PartyOn.app */ = {isa = PBXFileReference; explicitFileType = wrapper.application; includeInIndex = 0; path = PartyOn.app; sourceTree = BUILT_PRODUCTS_DIR; };
		72845D362261D836006B2987 /* Base */ = {isa = PBXFileReference; lastKnownFileType = file.storyboard; name = Base; path = Base.lproj/Interface.storyboard; sourceTree = "<group>"; };
		72845D382261D838006B2987 /* Assets.xcassets */ = {isa = PBXFileReference; lastKnownFileType = folder.assetcatalog; path = Assets.xcassets; sourceTree = "<group>"; };
		72845D3A2261D838006B2987 /* Info.plist */ = {isa = PBXFileReference; lastKnownFileType = text.plist.xml; path = Info.plist; sourceTree = "<group>"; };
		72845D3F2261D838006B2987 /* PartyOn Extension.appex */ = {isa = PBXFileReference; explicitFileType = "wrapper.app-extension"; includeInIndex = 0; path = "PartyOn Extension.appex"; sourceTree = BUILT_PRODUCTS_DIR; };
		72845D442261D838006B2987 /* InterfaceController.swift */ = {isa = PBXFileReference; lastKnownFileType = sourcecode.swift; path = InterfaceController.swift; sourceTree = "<group>"; };
		72845D462261D838006B2987 /* ExtensionDelegate.swift */ = {isa = PBXFileReference; lastKnownFileType = sourcecode.swift; path = ExtensionDelegate.swift; sourceTree = "<group>"; };
		72845D482261D838006B2987 /* NotificationController.swift */ = {isa = PBXFileReference; lastKnownFileType = sourcecode.swift; path = NotificationController.swift; sourceTree = "<group>"; };
		72845D4A2261D839006B2987 /* Assets.xcassets */ = {isa = PBXFileReference; lastKnownFileType = folder.assetcatalog; path = Assets.xcassets; sourceTree = "<group>"; };
		72845D4C2261D839006B2987 /* Info.plist */ = {isa = PBXFileReference; lastKnownFileType = text.plist.xml; path = Info.plist; sourceTree = "<group>"; };
		72845D4D2261D839006B2987 /* PushNotificationPayload.apns */ = {isa = PBXFileReference; lastKnownFileType = text; path = PushNotificationPayload.apns; sourceTree = "<group>"; };
		72845D592261EBEC006B2987 /* PartyOn Extension.entitlements */ = {isa = PBXFileReference; lastKnownFileType = text.plist.entitlements; path = "PartyOn Extension.entitlements"; sourceTree = "<group>"; };
		72845D5A2261EBEC006B2987 /* HealthKit.framework */ = {isa = PBXFileReference; lastKnownFileType = wrapper.framework; name = HealthKit.framework; path = Platforms/WatchOS.platform/Developer/SDKs/WatchOS5.2.sdk/System/Library/Frameworks/HealthKit.framework; sourceTree = DEVELOPER_DIR; };
/* End PBXFileReference section */

/* Begin PBXFrameworksBuildPhase section */
		0E35902C225F6034008395D8 /* Frameworks */ = {
			isa = PBXFrameworksBuildPhase;
			buildActionMask = 2147483647;
			files = (
				0E359047225F60B7008395D8 /* HealthKit.framework in Frameworks */,
			);
			runOnlyForDeploymentPostprocessing = 0;
		};
		72845D3C2261D838006B2987 /* Frameworks */ = {
			isa = PBXFrameworksBuildPhase;
			buildActionMask = 2147483647;
			files = (
				72845D5B2261EBEC006B2987 /* HealthKit.framework in Frameworks */,
			);
			runOnlyForDeploymentPostprocessing = 0;
		};
/* End PBXFrameworksBuildPhase section */

/* Begin PBXGroup section */
		0E359026225F6034008395D8 = {
			isa = PBXGroup;
			children = (
				0E359031225F6034008395D8 /* Experimentor */,
				72845D342261D836006B2987 /* PartyOn */,
				72845D432261D838006B2987 /* PartyOn Extension */,
				0E359030225F6034008395D8 /* Products */,
				0E359045225F60B7008395D8 /* Frameworks */,
			);
			sourceTree = "<group>";
		};
		0E359030225F6034008395D8 /* Products */ = {
			isa = PBXGroup;
			children = (
				0E35902F225F6034008395D8 /* Experimentor.app */,
				72845D332261D836006B2987 /* PartyOn.app */,
				72845D3F2261D838006B2987 /* PartyOn Extension.appex */,
			);
			name = Products;
			sourceTree = "<group>";
		};
		0E359031225F6034008395D8 /* Experimentor */ = {
			isa = PBXGroup;
			children = (
				0E359044225F60B7008395D8 /* Experimentor.entitlements */,
				0E359032225F6034008395D8 /* AppDelegate.swift */,
				0E359034225F6034008395D8 /* ViewController.swift */,
				0E359036225F6034008395D8 /* Main.storyboard */,
				0E359039225F6036008395D8 /* Assets.xcassets */,
				0E35903B225F6036008395D8 /* LaunchScreen.storyboard */,
				0E35903E225F6036008395D8 /* Info.plist */,
			);
			path = Experimentor;
			sourceTree = "<group>";
		};
		0E359045225F60B7008395D8 /* Frameworks */ = {
			isa = PBXGroup;
			children = (
				72845D5A2261EBEC006B2987 /* HealthKit.framework */,
				0E359046225F60B7008395D8 /* HealthKit.framework */,
			);
			name = Frameworks;
			sourceTree = "<group>";
		};
		72845D342261D836006B2987 /* PartyOn */ = {
			isa = PBXGroup;
			children = (
				72845D352261D836006B2987 /* Interface.storyboard */,
				72845D382261D838006B2987 /* Assets.xcassets */,
				72845D3A2261D838006B2987 /* Info.plist */,
			);
			path = PartyOn;
			sourceTree = "<group>";
		};
		72845D432261D838006B2987 /* PartyOn Extension */ = {
			isa = PBXGroup;
			children = (
				72845D592261EBEC006B2987 /* PartyOn Extension.entitlements */,
				72845D442261D838006B2987 /* InterfaceController.swift */,
				72845D462261D838006B2987 /* ExtensionDelegate.swift */,
				72845D482261D838006B2987 /* NotificationController.swift */,
				72845D4A2261D839006B2987 /* Assets.xcassets */,
				72845D4C2261D839006B2987 /* Info.plist */,
				72845D4D2261D839006B2987 /* PushNotificationPayload.apns */,
			);
			path = "PartyOn Extension";
			sourceTree = "<group>";
		};
/* End PBXGroup section */

/* Begin PBXNativeTarget section */
		0E35902E225F6034008395D8 /* Experimentor */ = {
			isa = PBXNativeTarget;
			buildConfigurationList = 0E359041225F6036008395D8 /* Build configuration list for PBXNativeTarget "Experimentor" */;
			buildPhases = (
				0E35902B225F6034008395D8 /* Sources */,
				0E35902C225F6034008395D8 /* Frameworks */,
				0E35902D225F6034008395D8 /* Resources */,
				72845D582261D839006B2987 /* Embed Watch Content */,
			);
			buildRules = (
			);
			dependencies = (
				72845D4F2261D839006B2987 /* PBXTargetDependency */,
			);
			name = Experimentor;
			productName = Experimentor;
			productReference = 0E35902F225F6034008395D8 /* Experimentor.app */;
			productType = "com.apple.product-type.application";
		};
		72845D322261D836006B2987 /* PartyOn */ = {
			isa = PBXNativeTarget;
			buildConfigurationList = 72845D572261D839006B2987 /* Build configuration list for PBXNativeTarget "PartyOn" */;
			buildPhases = (
				72845D312261D836006B2987 /* Resources */,
				72845D562261D839006B2987 /* Embed App Extensions */,
			);
			buildRules = (
			);
			dependencies = (
				72845D422261D838006B2987 /* PBXTargetDependency */,
			);
			name = PartyOn;
			productName = PartyOn;
			productReference = 72845D332261D836006B2987 /* PartyOn.app */;
			productType = "com.apple.product-type.application.watchapp2";
		};
		72845D3E2261D838006B2987 /* PartyOn Extension */ = {
			isa = PBXNativeTarget;
			buildConfigurationList = 72845D552261D839006B2987 /* Build configuration list for PBXNativeTarget "PartyOn Extension" */;
			buildPhases = (
				72845D3B2261D838006B2987 /* Sources */,
				72845D3C2261D838006B2987 /* Frameworks */,
				72845D3D2261D838006B2987 /* Resources */,
			);
			buildRules = (
			);
			dependencies = (
			);
			name = "PartyOn Extension";
			productName = "PartyOn Extension";
			productReference = 72845D3F2261D838006B2987 /* PartyOn Extension.appex */;
			productType = "com.apple.product-type.watchkit2-extension";
		};
/* End PBXNativeTarget section */

/* Begin PBXProject section */
		0E359027225F6034008395D8 /* Project object */ = {
			isa = PBXProject;
			attributes = {
				LastSwiftUpdateCheck = 1020;
				LastUpgradeCheck = 1020;
				ORGANIZATIONNAME = "Mattias Jähnke";
				TargetAttributes = {
					0E35902E225F6034008395D8 = {
						CreatedOnToolsVersion = 10.2;
						SystemCapabilities = {
							com.apple.HealthKit = {
								enabled = 1;
							};
						};
					};
					72845D322261D836006B2987 = {
						CreatedOnToolsVersion = 10.2;
					};
					72845D3E2261D838006B2987 = {
						CreatedOnToolsVersion = 10.2;
						SystemCapabilities = {
							com.apple.BackgroundModes.watchos.extension = {
								enabled = 1;
							};
							com.apple.HealthKit.watchos = {
								enabled = 1;
							};
						};
					};
				};
			};
			buildConfigurationList = 0E35902A225F6034008395D8 /* Build configuration list for PBXProject "Experimentor" */;
			compatibilityVersion = "Xcode 9.3";
			developmentRegion = en;
			hasScannedForEncodings = 0;
			knownRegions = (
				en,
				Base,
			);
			mainGroup = 0E359026225F6034008395D8;
			productRefGroup = 0E359030225F6034008395D8 /* Products */;
			projectDirPath = "";
			projectRoot = "";
			targets = (
				0E35902E225F6034008395D8 /* Experimentor */,
				72845D322261D836006B2987 /* PartyOn */,
				72845D3E2261D838006B2987 /* PartyOn Extension */,
			);
		};
/* End PBXProject section */

/* Begin PBXResourcesBuildPhase section */
		0E35902D225F6034008395D8 /* Resources */ = {
			isa = PBXResourcesBuildPhase;
			buildActionMask = 2147483647;
			files = (
				0E35903D225F6036008395D8 /* LaunchScreen.storyboard in Resources */,
				0E35903A225F6036008395D8 /* Assets.xcassets in Resources */,
				0E359038225F6034008395D8 /* Main.storyboard in Resources */,
			);
			runOnlyForDeploymentPostprocessing = 0;
		};
		72845D312261D836006B2987 /* Resources */ = {
			isa = PBXResourcesBuildPhase;
			buildActionMask = 2147483647;
			files = (
				72845D392261D838006B2987 /* Assets.xcassets in Resources */,
				72845D372261D836006B2987 /* Interface.storyboard in Resources */,
			);
			runOnlyForDeploymentPostprocessing = 0;
		};
		72845D3D2261D838006B2987 /* Resources */ = {
			isa = PBXResourcesBuildPhase;
			buildActionMask = 2147483647;
			files = (
				72845D4B2261D839006B2987 /* Assets.xcassets in Resources */,
			);
			runOnlyForDeploymentPostprocessing = 0;
		};
/* End PBXResourcesBuildPhase section */

/* Begin PBXSourcesBuildPhase section */
		0E35902B225F6034008395D8 /* Sources */ = {
			isa = PBXSourcesBuildPhase;
			buildActionMask = 2147483647;
			files = (
				0E359035225F6034008395D8 /* ViewController.swift in Sources */,
				0E359033225F6034008395D8 /* AppDelegate.swift in Sources */,
			);
			runOnlyForDeploymentPostprocessing = 0;
		};
		72845D3B2261D838006B2987 /* Sources */ = {
			isa = PBXSourcesBuildPhase;
			buildActionMask = 2147483647;
			files = (
				72845D492261D838006B2987 /* NotificationController.swift in Sources */,
				72845D472261D838006B2987 /* ExtensionDelegate.swift in Sources */,
				72845D452261D838006B2987 /* InterfaceController.swift in Sources */,
			);
			runOnlyForDeploymentPostprocessing = 0;
		};
/* End PBXSourcesBuildPhase section */

/* Begin PBXTargetDependency section */
		72845D422261D838006B2987 /* PBXTargetDependency */ = {
			isa = PBXTargetDependency;
			target = 72845D3E2261D838006B2987 /* PartyOn Extension */;
			targetProxy = 72845D412261D838006B2987 /* PBXContainerItemProxy */;
		};
		72845D4F2261D839006B2987 /* PBXTargetDependency */ = {
			isa = PBXTargetDependency;
			target = 72845D322261D836006B2987 /* PartyOn */;
			targetProxy = 72845D4E2261D839006B2987 /* PBXContainerItemProxy */;
		};
/* End PBXTargetDependency section */

/* Begin PBXVariantGroup section */
		0E359036225F6034008395D8 /* Main.storyboard */ = {
			isa = PBXVariantGroup;
			children = (
				0E359037225F6034008395D8 /* Base */,
			);
			name = Main.storyboard;
			sourceTree = "<group>";
		};
		0E35903B225F6036008395D8 /* LaunchScreen.storyboard */ = {
			isa = PBXVariantGroup;
			children = (
				0E35903C225F6036008395D8 /* Base */,
			);
			name = LaunchScreen.storyboard;
			sourceTree = "<group>";
		};
		72845D352261D836006B2987 /* Interface.storyboard */ = {
			isa = PBXVariantGroup;
			children = (
				72845D362261D836006B2987 /* Base */,
			);
			name = Interface.storyboard;
			sourceTree = "<group>";
		};
/* End PBXVariantGroup section */

/* Begin XCBuildConfiguration section */
		0E35903F225F6036008395D8 /* Debug */ = {
			isa = XCBuildConfiguration;
			buildSettings = {
				ALWAYS_SEARCH_USER_PATHS = NO;
				CLANG_ANALYZER_NONNULL = YES;
				CLANG_ANALYZER_NUMBER_OBJECT_CONVERSION = YES_AGGRESSIVE;
				CLANG_CXX_LANGUAGE_STANDARD = "gnu++14";
				CLANG_CXX_LIBRARY = "libc++";
				CLANG_ENABLE_MODULES = YES;
				CLANG_ENABLE_OBJC_ARC = YES;
				CLANG_ENABLE_OBJC_WEAK = YES;
				CLANG_WARN_BLOCK_CAPTURE_AUTORELEASING = YES;
				CLANG_WARN_BOOL_CONVERSION = YES;
				CLANG_WARN_COMMA = YES;
				CLANG_WARN_CONSTANT_CONVERSION = YES;
				CLANG_WARN_DEPRECATED_OBJC_IMPLEMENTATIONS = YES;
				CLANG_WARN_DIRECT_OBJC_ISA_USAGE = YES_ERROR;
				CLANG_WARN_DOCUMENTATION_COMMENTS = YES;
				CLANG_WARN_EMPTY_BODY = YES;
				CLANG_WARN_ENUM_CONVERSION = YES;
				CLANG_WARN_INFINITE_RECURSION = YES;
				CLANG_WARN_INT_CONVERSION = YES;
				CLANG_WARN_NON_LITERAL_NULL_CONVERSION = YES;
				CLANG_WARN_OBJC_IMPLICIT_RETAIN_SELF = YES;
				CLANG_WARN_OBJC_LITERAL_CONVERSION = YES;
				CLANG_WARN_OBJC_ROOT_CLASS = YES_ERROR;
				CLANG_WARN_RANGE_LOOP_ANALYSIS = YES;
				CLANG_WARN_STRICT_PROTOTYPES = YES;
				CLANG_WARN_SUSPICIOUS_MOVE = YES;
				CLANG_WARN_UNGUARDED_AVAILABILITY = YES_AGGRESSIVE;
				CLANG_WARN_UNREACHABLE_CODE = YES;
				CLANG_WARN__DUPLICATE_METHOD_MATCH = YES;
				CODE_SIGN_IDENTITY = "iPhone Developer";
				COPY_PHASE_STRIP = NO;
				DEBUG_INFORMATION_FORMAT = dwarf;
				ENABLE_STRICT_OBJC_MSGSEND = YES;
				ENABLE_TESTABILITY = YES;
				GCC_C_LANGUAGE_STANDARD = gnu11;
				GCC_DYNAMIC_NO_PIC = NO;
				GCC_NO_COMMON_BLOCKS = YES;
				GCC_OPTIMIZATION_LEVEL = 0;
				GCC_PREPROCESSOR_DEFINITIONS = (
					"DEBUG=1",
					"$(inherited)",
				);
				GCC_WARN_64_TO_32_BIT_CONVERSION = YES;
				GCC_WARN_ABOUT_RETURN_TYPE = YES_ERROR;
				GCC_WARN_UNDECLARED_SELECTOR = YES;
				GCC_WARN_UNINITIALIZED_AUTOS = YES_AGGRESSIVE;
				GCC_WARN_UNUSED_FUNCTION = YES;
				GCC_WARN_UNUSED_VARIABLE = YES;
				IPHONEOS_DEPLOYMENT_TARGET = 12.2;
				MTL_ENABLE_DEBUG_INFO = INCLUDE_SOURCE;
				MTL_FAST_MATH = YES;
				ONLY_ACTIVE_ARCH = YES;
				SDKROOT = iphoneos;
				SWIFT_ACTIVE_COMPILATION_CONDITIONS = DEBUG;
				SWIFT_OPTIMIZATION_LEVEL = "-Onone";
			};
			name = Debug;
		};
		0E359040225F6036008395D8 /* Release */ = {
			isa = XCBuildConfiguration;
			buildSettings = {
				ALWAYS_SEARCH_USER_PATHS = NO;
				CLANG_ANALYZER_NONNULL = YES;
				CLANG_ANALYZER_NUMBER_OBJECT_CONVERSION = YES_AGGRESSIVE;
				CLANG_CXX_LANGUAGE_STANDARD = "gnu++14";
				CLANG_CXX_LIBRARY = "libc++";
				CLANG_ENABLE_MODULES = YES;
				CLANG_ENABLE_OBJC_ARC = YES;
				CLANG_ENABLE_OBJC_WEAK = YES;
				CLANG_WARN_BLOCK_CAPTURE_AUTORELEASING = YES;
				CLANG_WARN_BOOL_CONVERSION = YES;
				CLANG_WARN_COMMA = YES;
				CLANG_WARN_CONSTANT_CONVERSION = YES;
				CLANG_WARN_DEPRECATED_OBJC_IMPLEMENTATIONS = YES;
				CLANG_WARN_DIRECT_OBJC_ISA_USAGE = YES_ERROR;
				CLANG_WARN_DOCUMENTATION_COMMENTS = YES;
				CLANG_WARN_EMPTY_BODY = YES;
				CLANG_WARN_ENUM_CONVERSION = YES;
				CLANG_WARN_INFINITE_RECURSION = YES;
				CLANG_WARN_INT_CONVERSION = YES;
				CLANG_WARN_NON_LITERAL_NULL_CONVERSION = YES;
				CLANG_WARN_OBJC_IMPLICIT_RETAIN_SELF = YES;
				CLANG_WARN_OBJC_LITERAL_CONVERSION = YES;
				CLANG_WARN_OBJC_ROOT_CLASS = YES_ERROR;
				CLANG_WARN_RANGE_LOOP_ANALYSIS = YES;
				CLANG_WARN_STRICT_PROTOTYPES = YES;
				CLANG_WARN_SUSPICIOUS_MOVE = YES;
				CLANG_WARN_UNGUARDED_AVAILABILITY = YES_AGGRESSIVE;
				CLANG_WARN_UNREACHABLE_CODE = YES;
				CLANG_WARN__DUPLICATE_METHOD_MATCH = YES;
				CODE_SIGN_IDENTITY = "iPhone Developer";
				COPY_PHASE_STRIP = NO;
				DEBUG_INFORMATION_FORMAT = "dwarf-with-dsym";
				ENABLE_NS_ASSERTIONS = NO;
				ENABLE_STRICT_OBJC_MSGSEND = YES;
				GCC_C_LANGUAGE_STANDARD = gnu11;
				GCC_NO_COMMON_BLOCKS = YES;
				GCC_WARN_64_TO_32_BIT_CONVERSION = YES;
				GCC_WARN_ABOUT_RETURN_TYPE = YES_ERROR;
				GCC_WARN_UNDECLARED_SELECTOR = YES;
				GCC_WARN_UNINITIALIZED_AUTOS = YES_AGGRESSIVE;
				GCC_WARN_UNUSED_FUNCTION = YES;
				GCC_WARN_UNUSED_VARIABLE = YES;
				IPHONEOS_DEPLOYMENT_TARGET = 12.2;
				MTL_ENABLE_DEBUG_INFO = NO;
				MTL_FAST_MATH = YES;
				SDKROOT = iphoneos;
				SWIFT_COMPILATION_MODE = wholemodule;
				SWIFT_OPTIMIZATION_LEVEL = "-O";
				VALIDATE_PRODUCT = YES;
			};
			name = Release;
		};
		0E359042225F6036008395D8 /* Debug */ = {
			isa = XCBuildConfiguration;
			buildSettings = {
				ASSETCATALOG_COMPILER_APPICON_NAME = AppIcon;
				CODE_SIGN_ENTITLEMENTS = Experimentor/Experimentor.entitlements;
				CODE_SIGN_STYLE = Automatic;
				DEVELOPMENT_TEAM = G576H7YVGT;
				INFOPLIST_FILE = Experimentor/Info.plist;
				LD_RUNPATH_SEARCH_PATHS = (
					"$(inherited)",
					"@executable_path/Frameworks",
				);
				PRODUCT_BUNDLE_IDENTIFIER = com.engineerish.Experimentor;
				PRODUCT_NAME = "$(TARGET_NAME)";
				SWIFT_VERSION = 5.0;
				TARGETED_DEVICE_FAMILY = "1,2";
			};
			name = Debug;
		};
		0E359043225F6036008395D8 /* Release */ = {
			isa = XCBuildConfiguration;
			buildSettings = {
				ASSETCATALOG_COMPILER_APPICON_NAME = AppIcon;
				CODE_SIGN_ENTITLEMENTS = Experimentor/Experimentor.entitlements;
				CODE_SIGN_STYLE = Automatic;
				DEVELOPMENT_TEAM = G576H7YVGT;
				INFOPLIST_FILE = Experimentor/Info.plist;
				LD_RUNPATH_SEARCH_PATHS = (
					"$(inherited)",
					"@executable_path/Frameworks",
				);
				PRODUCT_BUNDLE_IDENTIFIER = com.engineerish.Experimentor;
				PRODUCT_NAME = "$(TARGET_NAME)";
				SWIFT_VERSION = 5.0;
				TARGETED_DEVICE_FAMILY = "1,2";
			};
			name = Release;
		};
		72845D512261D839006B2987 /* Debug */ = {
			isa = XCBuildConfiguration;
			buildSettings = {
				ALWAYS_EMBED_SWIFT_STANDARD_LIBRARIES = YES;
				ASSETCATALOG_COMPILER_APPICON_NAME = AppIcon;
				CODE_SIGN_STYLE = Automatic;
				DEVELOPMENT_TEAM = G576H7YVGT;
				IBSC_MODULE = PartyOn_Extension;
				INFOPLIST_FILE = PartyOn/Info.plist;
				PRODUCT_BUNDLE_IDENTIFIER = com.engineerish.Experimentor.watchkitapp;
				PRODUCT_NAME = "$(TARGET_NAME)";
				SDKROOT = watchos;
				SKIP_INSTALL = YES;
				SWIFT_VERSION = 5.0;
				TARGETED_DEVICE_FAMILY = 4;
				WATCHOS_DEPLOYMENT_TARGET = 5.2;
			};
			name = Debug;
		};
		72845D522261D839006B2987 /* Release */ = {
			isa = XCBuildConfiguration;
			buildSettings = {
				ALWAYS_EMBED_SWIFT_STANDARD_LIBRARIES = YES;
				ASSETCATALOG_COMPILER_APPICON_NAME = AppIcon;
				CODE_SIGN_STYLE = Automatic;
				DEVELOPMENT_TEAM = G576H7YVGT;
				IBSC_MODULE = PartyOn_Extension;
				INFOPLIST_FILE = PartyOn/Info.plist;
				PRODUCT_BUNDLE_IDENTIFIER = com.engineerish.Experimentor.watchkitapp;
				PRODUCT_NAME = "$(TARGET_NAME)";
				SDKROOT = watchos;
				SKIP_INSTALL = YES;
				SWIFT_VERSION = 5.0;
				TARGETED_DEVICE_FAMILY = 4;
				WATCHOS_DEPLOYMENT_TARGET = 5.2;
			};
			name = Release;
		};
		72845D532261D839006B2987 /* Debug */ = {
			isa = XCBuildConfiguration;
			buildSettings = {
				ASSETCATALOG_COMPILER_COMPLICATION_NAME = Complication;
				CODE_SIGN_ENTITLEMENTS = "PartyOn Extension/PartyOn Extension.entitlements";
				CODE_SIGN_STYLE = Automatic;
<<<<<<< HEAD
				DEVELOPMENT_TEAM = G576H7YVGT;
=======
				DEVELOPMENT_TEAM = XP54RBR6MH;
>>>>>>> 289226b142a70871cb8e28b0653cd0926b725380
				INFOPLIST_FILE = "PartyOn Extension/Info.plist";
				LD_RUNPATH_SEARCH_PATHS = (
					"$(inherited)",
					"@executable_path/Frameworks",
					"@executable_path/../../Frameworks",
				);
				PRODUCT_BUNDLE_IDENTIFIER = com.engineerish.Experimentor.watchkitapp.watchkitextension;
				PRODUCT_NAME = "${TARGET_NAME}";
				SDKROOT = watchos;
				SKIP_INSTALL = YES;
				SWIFT_VERSION = 5.0;
				TARGETED_DEVICE_FAMILY = 4;
				WATCHOS_DEPLOYMENT_TARGET = 5.2;
			};
			name = Debug;
		};
		72845D542261D839006B2987 /* Release */ = {
			isa = XCBuildConfiguration;
			buildSettings = {
				ASSETCATALOG_COMPILER_COMPLICATION_NAME = Complication;
				CODE_SIGN_ENTITLEMENTS = "PartyOn Extension/PartyOn Extension.entitlements";
				CODE_SIGN_STYLE = Automatic;
<<<<<<< HEAD
				DEVELOPMENT_TEAM = G576H7YVGT;
=======
				DEVELOPMENT_TEAM = XP54RBR6MH;
>>>>>>> 289226b142a70871cb8e28b0653cd0926b725380
				INFOPLIST_FILE = "PartyOn Extension/Info.plist";
				LD_RUNPATH_SEARCH_PATHS = (
					"$(inherited)",
					"@executable_path/Frameworks",
					"@executable_path/../../Frameworks",
				);
				PRODUCT_BUNDLE_IDENTIFIER = com.engineerish.Experimentor.watchkitapp.watchkitextension;
				PRODUCT_NAME = "${TARGET_NAME}";
				SDKROOT = watchos;
				SKIP_INSTALL = YES;
				SWIFT_VERSION = 5.0;
				TARGETED_DEVICE_FAMILY = 4;
				WATCHOS_DEPLOYMENT_TARGET = 5.2;
			};
			name = Release;
		};
/* End XCBuildConfiguration section */

/* Begin XCConfigurationList section */
		0E35902A225F6034008395D8 /* Build configuration list for PBXProject "Experimentor" */ = {
			isa = XCConfigurationList;
			buildConfigurations = (
				0E35903F225F6036008395D8 /* Debug */,
				0E359040225F6036008395D8 /* Release */,
			);
			defaultConfigurationIsVisible = 0;
			defaultConfigurationName = Release;
		};
		0E359041225F6036008395D8 /* Build configuration list for PBXNativeTarget "Experimentor" */ = {
			isa = XCConfigurationList;
			buildConfigurations = (
				0E359042225F6036008395D8 /* Debug */,
				0E359043225F6036008395D8 /* Release */,
			);
			defaultConfigurationIsVisible = 0;
			defaultConfigurationName = Release;
		};
		72845D552261D839006B2987 /* Build configuration list for PBXNativeTarget "PartyOn Extension" */ = {
			isa = XCConfigurationList;
			buildConfigurations = (
				72845D532261D839006B2987 /* Debug */,
				72845D542261D839006B2987 /* Release */,
			);
			defaultConfigurationIsVisible = 0;
			defaultConfigurationName = Release;
		};
		72845D572261D839006B2987 /* Build configuration list for PBXNativeTarget "PartyOn" */ = {
			isa = XCConfigurationList;
			buildConfigurations = (
				72845D512261D839006B2987 /* Debug */,
				72845D522261D839006B2987 /* Release */,
			);
			defaultConfigurationIsVisible = 0;
			defaultConfigurationName = Release;
		};
/* End XCConfigurationList section */
	};
	rootObject = 0E359027225F6034008395D8 /* Project object */;
}
